
Microsoft Visual Studio Solution File, Format Version 12.00
# Visual Studio Version 16
VisualStudioVersion = 16.0.31702.278
MinimumVisualStudioVersion = 10.0.40219.1
Project("{FAE04EC0-301F-11D3-BF4B-00C04F79EFBC}") = "Laborator4", "Laborator4\Laborator4.csproj", "{3478DF02-3529-456C-8C7F-57B736C0F0F7}"
EndProject
Project("{FAE04EC0-301F-11D3-BF4B-00C04F79EFBC}") = "AutoLotModel", "AutoLotModel\AutoLotModel.csproj", "{B2FD7CA3-C8A8-4D5B-A246-600784CB12D7}"
EndProject
Global
	GlobalSection(SolutionConfigurationPlatforms) = preSolution
		Debug|Any CPU = Debug|Any CPU
		Release|Any CPU = Release|Any CPU
	EndGlobalSection
	GlobalSection(ProjectConfigurationPlatforms) = postSolution
		{3478DF02-3529-456C-8C7F-57B736C0F0F7}.Debug|Any CPU.ActiveCfg = Debug|Any CPU
		{3478DF02-3529-456C-8C7F-57B736C0F0F7}.Debug|Any CPU.Build.0 = Debug|Any CPU
		{3478DF02-3529-456C-8C7F-57B736C0F0F7}.Release|Any CPU.ActiveCfg = Release|Any CPU
		{3478DF02-3529-456C-8C7F-57B736C0F0F7}.Release|Any CPU.Build.0 = Release|Any CPU
		{B2FD7CA3-C8A8-4D5B-A246-600784CB12D7}.Debug|Any CPU.ActiveCfg = Debug|Any CPU
		{B2FD7CA3-C8A8-4D5B-A246-600784CB12D7}.Debug|Any CPU.Build.0 = Debug|Any CPU
		{B2FD7CA3-C8A8-4D5B-A246-600784CB12D7}.Release|Any CPU.ActiveCfg = Release|Any CPU
		{B2FD7CA3-C8A8-4D5B-A246-600784CB12D7}.Release|Any CPU.Build.0 = Release|Any CPU
	EndGlobalSection
	GlobalSection(SolutionProperties) = preSolution
		HideSolutionNode = FALSE
	EndGlobalSection
	GlobalSection(ExtensibilityGlobals) = postSolution
		SolutionGuid = {528904E5-8134-4FDA-89EA-6A0909D4C134}
	EndGlobalSection
EndGlobal
